
Microsoft Visual Studio Solution File, Format Version 12.00
# Visual Studio 15
VisualStudioVersion = 15.0.28307.1145
MinimumVisualStudioVersion = 10.0.40219.1
Project("{FAE04EC0-301F-11D3-BF4B-00C04F79EFBC}") = "Tokenizer", "Tokenizer\Tokenizer.csproj", "{89FC3151-281E-40D7-A7E1-667F2A876663}"
EndProject
Global
	GlobalSection(SolutionConfigurationPlatforms) = preSolution
		Debug|Any CPU = Debug|Any CPU
		Release|Any CPU = Release|Any CPU
	EndGlobalSection
	GlobalSection(ProjectConfigurationPlatforms) = postSolution
		{89FC3151-281E-40D7-A7E1-667F2A876663}.Debug|Any CPU.ActiveCfg = Debug|Any CPU
		{89FC3151-281E-40D7-A7E1-667F2A876663}.Debug|Any CPU.Build.0 = Debug|Any CPU
		{89FC3151-281E-40D7-A7E1-667F2A876663}.Release|Any CPU.ActiveCfg = Release|Any CPU
		{89FC3151-281E-40D7-A7E1-667F2A876663}.Release|Any CPU.Build.0 = Release|Any CPU
	EndGlobalSection
	GlobalSection(SolutionProperties) = preSolution
		HideSolutionNode = FALSE
	EndGlobalSection
	GlobalSection(ExtensibilityGlobals) = postSolution
		SolutionGuid = {3DBA132C-DAB4-47C2-AF82-6838D2AB1DF0}
	EndGlobalSection
EndGlobal
